
Microsoft Visual Studio Solution File, Format Version 12.00
# Visual Studio Version 17
VisualStudioVersion = 17.10.34916.146
MinimumVisualStudioVersion = 10.0.40219.1
Project("{FAE04EC0-301F-11D3-BF4B-00C04F79EFBC}") = "OCRScannerMauiApp", "OCRScannerMauiApp.csproj", "{D9F5E794-E2D9-4E04-8BD1-6429770F2A11}"
EndProject
Global
	GlobalSection(SolutionConfigurationPlatforms) = preSolution
		Debug|Any CPU = Debug|Any CPU
		Release|Any CPU = Release|Any CPU
	EndGlobalSection
	GlobalSection(ProjectConfigurationPlatforms) = postSolution
		{D9F5E794-E2D9-4E04-8BD1-6429770F2A11}.Debug|Any CPU.ActiveCfg = Debug|Any CPU
		{D9F5E794-E2D9-4E04-8BD1-6429770F2A11}.Debug|Any CPU.Build.0 = Debug|Any CPU
		{D9F5E794-E2D9-4E04-8BD1-6429770F2A11}.Debug|Any CPU.Deploy.0 = Debug|Any CPU
		{D9F5E794-E2D9-4E04-8BD1-6429770F2A11}.Release|Any CPU.ActiveCfg = Release|Any CPU
		{D9F5E794-E2D9-4E04-8BD1-6429770F2A11}.Release|Any CPU.Build.0 = Release|Any CPU
		{D9F5E794-E2D9-4E04-8BD1-6429770F2A11}.Release|Any CPU.Deploy.0 = Release|Any CPU
	EndGlobalSection
	GlobalSection(SolutionProperties) = preSolution
		HideSolutionNode = FALSE
	EndGlobalSection
	GlobalSection(ExtensibilityGlobals) = postSolution
		SolutionGuid = {01B788DE-086E-405D-84D6-D0C90336F047}
	EndGlobalSection
EndGlobal
